// !$*UTF8*$!
{
	archiveVersion = 1;
	classes = {
	};
	objectVersion = 46;
	objects = {

/* Begin PBXBuildFile section */
		9F05C3081E45DEC200F2D87E /* IVC.swift in Sources */ = {isa = PBXBuildFile; fileRef = 9F05C3071E45DEC200F2D87E /* IVC.swift */; };
		9F05C30A1E45DF5C00F2D87E /* ITVC.swift in Sources */ = {isa = PBXBuildFile; fileRef = 9F05C3091E45DF5C00F2D87E /* ITVC.swift */; };
		9F05C30C1E45DFB000F2D87E /* ITTVC.swift in Sources */ = {isa = PBXBuildFile; fileRef = 9F05C30B1E45DFB000F2D87E /* ITTVC.swift */; };
		9F05C30E1E45DFC500F2D87E /* ITEVC.swift in Sources */ = {isa = PBXBuildFile; fileRef = 9F05C30D1E45DFC500F2D87E /* ITEVC.swift */; };
		9F70870D1E3B81D500E0B93C /* DVC.swift in Sources */ = {isa = PBXBuildFile; fileRef = 9F70870C1E3B81D500E0B93C /* DVC.swift */; };
		9F70870F1E3B833500E0B93C /* DTVC.swift in Sources */ = {isa = PBXBuildFile; fileRef = 9F70870E1E3B833500E0B93C /* DTVC.swift */; };
		9F74AEFB1E3E07DC00272845 /* DSVC.swift in Sources */ = {isa = PBXBuildFile; fileRef = 9F74AEFA1E3E07DC00272845 /* DSVC.swift */; };
		9F82C5F61E3F999700C05867 /* AVC.swift in Sources */ = {isa = PBXBuildFile; fileRef = 9F82C5F51E3F999700C05867 /* AVC.swift */; };
		9F82C5F81E3F9B2400C05867 /* ATVC.swift in Sources */ = {isa = PBXBuildFile; fileRef = 9F82C5F71E3F9B2400C05867 /* ATVC.swift */; };
		9F9389911E4EFE090088476F /* IFSVC.swift in Sources */ = {isa = PBXBuildFile; fileRef = 9F9389901E4EFE090088476F /* IFSVC.swift */; };
		9FCEF0B71E39EBB10066D941 /* AppDelegate.swift in Sources */ = {isa = PBXBuildFile; fileRef = 9FCEF0B61E39EBB10066D941 /* AppDelegate.swift */; };
		9FCEF0B91E39EBB10066D941 /* ViewController.swift in Sources */ = {isa = PBXBuildFile; fileRef = 9FCEF0B81E39EBB10066D941 /* ViewController.swift */; };
		9FCEF0BC1E39EBB10066D941 /* Main.storyboard in Resources */ = {isa = PBXBuildFile; fileRef = 9FCEF0BA1E39EBB10066D941 /* Main.storyboard */; };
		9FCEF0BF1E39EBB10066D941 /* Save_Fuel.xcdatamodeld in Sources */ = {isa = PBXBuildFile; fileRef = 9FCEF0BD1E39EBB10066D941 /* Save_Fuel.xcdatamodeld */; };
		9FCEF0C11E39EBB10066D941 /* Assets.xcassets in Resources */ = {isa = PBXBuildFile; fileRef = 9FCEF0C01E39EBB10066D941 /* Assets.xcassets */; };
		9FCEF0C41E39EBB10066D941 /* LaunchScreen.storyboard in Resources */ = {isa = PBXBuildFile; fileRef = 9FCEF0C21E39EBB10066D941 /* LaunchScreen.storyboard */; };
		9FCEF0CC1E39F2390066D941 /* TVC.swift in Sources */ = {isa = PBXBuildFile; fileRef = 9FCEF0CB1E39F2390066D941 /* TVC.swift */; };
		9FCEF0CE1E39F7030066D941 /* TTVC.swift in Sources */ = {isa = PBXBuildFile; fileRef = 9FCEF0CD1E39F7030066D941 /* TTVC.swift */; };
		9FCEF0D01E3A1B630066D941 /* TSVC.swift in Sources */ = {isa = PBXBuildFile; fileRef = 9FCEF0CF1E3A1B630066D941 /* TSVC.swift */; };
		9FED04971E59C15D00BB734F /* ISFVC.swift in Sources */ = {isa = PBXBuildFile; fileRef = 9FED04961E59C15D00BB734F /* ISFVC.swift */; };
		9FED04991E59C18800BB734F /* ISMVC.swift in Sources */ = {isa = PBXBuildFile; fileRef = 9FED04981E59C18800BB734F /* ISMVC.swift */; };
/* End PBXBuildFile section */

/* Begin PBXFileReference section */
		9F05C3071E45DEC200F2D87E /* IVC.swift */ = {isa = PBXFileReference; fileEncoding = 4; lastKnownFileType = sourcecode.swift; path = IVC.swift; sourceTree = "<group>"; };
		9F05C3091E45DF5C00F2D87E /* ITVC.swift */ = {isa = PBXFileReference; fileEncoding = 4; lastKnownFileType = sourcecode.swift; path = ITVC.swift; sourceTree = "<group>"; };
		9F05C30B1E45DFB000F2D87E /* ITTVC.swift */ = {isa = PBXFileReference; fileEncoding = 4; lastKnownFileType = sourcecode.swift; path = ITTVC.swift; sourceTree = "<group>"; };
		9F05C30D1E45DFC500F2D87E /* ITEVC.swift */ = {isa = PBXFileReference; fileEncoding = 4; lastKnownFileType = sourcecode.swift; path = ITEVC.swift; sourceTree = "<group>"; };
		9F70870C1E3B81D500E0B93C /* DVC.swift */ = {isa = PBXFileReference; fileEncoding = 4; lastKnownFileType = sourcecode.swift; path = DVC.swift; sourceTree = "<group>"; };
		9F70870E1E3B833500E0B93C /* DTVC.swift */ = {isa = PBXFileReference; fileEncoding = 4; lastKnownFileType = sourcecode.swift; path = DTVC.swift; sourceTree = "<group>"; };
		9F74AEFA1E3E07DC00272845 /* DSVC.swift */ = {isa = PBXFileReference; fileEncoding = 4; lastKnownFileType = sourcecode.swift; path = DSVC.swift; sourceTree = "<group>"; };
		9F82C5F51E3F999700C05867 /* AVC.swift */ = {isa = PBXFileReference; fileEncoding = 4; lastKnownFileType = sourcecode.swift; path = AVC.swift; sourceTree = "<group>"; };
		9F82C5F71E3F9B2400C05867 /* ATVC.swift */ = {isa = PBXFileReference; fileEncoding = 4; lastKnownFileType = sourcecode.swift; path = ATVC.swift; sourceTree = "<group>"; };
		9F9389901E4EFE090088476F /* IFSVC.swift */ = {isa = PBXFileReference; fileEncoding = 4; lastKnownFileType = sourcecode.swift; path = IFSVC.swift; sourceTree = "<group>"; };
		9FCEF0B31E39EBB10066D941 /* Save Fuel.app */ = {isa = PBXFileReference; explicitFileType = wrapper.application; includeInIndex = 0; path = "Save Fuel.app"; sourceTree = BUILT_PRODUCTS_DIR; };
		9FCEF0B61E39EBB10066D941 /* AppDelegate.swift */ = {isa = PBXFileReference; lastKnownFileType = sourcecode.swift; path = AppDelegate.swift; sourceTree = "<group>"; };
		9FCEF0B81E39EBB10066D941 /* ViewController.swift */ = {isa = PBXFileReference; lastKnownFileType = sourcecode.swift; path = ViewController.swift; sourceTree = "<group>"; };
		9FCEF0BB1E39EBB10066D941 /* Base */ = {isa = PBXFileReference; lastKnownFileType = file.storyboard; name = Base; path = Base.lproj/Main.storyboard; sourceTree = "<group>"; };
		9FCEF0BE1E39EBB10066D941 /* Save_Fuel.xcdatamodel */ = {isa = PBXFileReference; lastKnownFileType = wrapper.xcdatamodel; path = Save_Fuel.xcdatamodel; sourceTree = "<group>"; };
		9FCEF0C01E39EBB10066D941 /* Assets.xcassets */ = {isa = PBXFileReference; lastKnownFileType = folder.assetcatalog; path = Assets.xcassets; sourceTree = "<group>"; };
		9FCEF0C31E39EBB10066D941 /* Base */ = {isa = PBXFileReference; lastKnownFileType = file.storyboard; name = Base; path = Base.lproj/LaunchScreen.storyboard; sourceTree = "<group>"; };
		9FCEF0C51E39EBB10066D941 /* Info.plist */ = {isa = PBXFileReference; lastKnownFileType = text.plist.xml; path = Info.plist; sourceTree = "<group>"; };
		9FCEF0CB1E39F2390066D941 /* TVC.swift */ = {isa = PBXFileReference; fileEncoding = 4; lastKnownFileType = sourcecode.swift; path = TVC.swift; sourceTree = "<group>"; };
		9FCEF0CD1E39F7030066D941 /* TTVC.swift */ = {isa = PBXFileReference; fileEncoding = 4; lastKnownFileType = sourcecode.swift; name = TTVC.swift; path = ../TTVC.swift; sourceTree = "<group>"; };
		9FCEF0CF1E3A1B630066D941 /* TSVC.swift */ = {isa = PBXFileReference; fileEncoding = 4; lastKnownFileType = sourcecode.swift; path = TSVC.swift; sourceTree = "<group>"; };
		9FED04961E59C15D00BB734F /* ISFVC.swift */ = {isa = PBXFileReference; fileEncoding = 4; lastKnownFileType = sourcecode.swift; path = ISFVC.swift; sourceTree = "<group>"; };
		9FED04981E59C18800BB734F /* ISMVC.swift */ = {isa = PBXFileReference; fileEncoding = 4; lastKnownFileType = sourcecode.swift; path = ISMVC.swift; sourceTree = "<group>"; };
/* End PBXFileReference section */

/* Begin PBXFrameworksBuildPhase section */
		9FCEF0B01E39EBB00066D941 /* Frameworks */ = {
			isa = PBXFrameworksBuildPhase;
			buildActionMask = 2147483647;
			files = (
			);
			runOnlyForDeploymentPostprocessing = 0;
		};
/* End PBXFrameworksBuildPhase section */

/* Begin PBXGroup section */
		9FCEF0AA1E39EBB00066D941 = {
			isa = PBXGroup;
			children = (
				9FCEF0B51E39EBB10066D941 /* Save Fuel */,
				9FCEF0B41E39EBB10066D941 /* Products */,
			);
			sourceTree = "<group>";
		};
		9FCEF0B41E39EBB10066D941 /* Products */ = {
			isa = PBXGroup;
			children = (
				9FCEF0B31E39EBB10066D941 /* Save Fuel.app */,
			);
			name = Products;
			sourceTree = "<group>";
		};
		9FCEF0B51E39EBB10066D941 /* Save Fuel */ = {
			isa = PBXGroup;
			children = (
				9FCEF0B61E39EBB10066D941 /* AppDelegate.swift */,
				9FCEF0BA1E39EBB10066D941 /* Main.storyboard */,
				9FED04981E59C18800BB734F /* ISMVC.swift */,
				9FED04961E59C15D00BB734F /* ISFVC.swift */,
				9FCEF0B81E39EBB10066D941 /* ViewController.swift */,
				9FCEF0CD1E39F7030066D941 /* TTVC.swift */,
				9F9389901E4EFE090088476F /* IFSVC.swift */,
				9F05C30D1E45DFC500F2D87E /* ITEVC.swift */,
				9F05C30B1E45DFB000F2D87E /* ITTVC.swift */,
				9F05C3091E45DF5C00F2D87E /* ITVC.swift */,
				9F05C3071E45DEC200F2D87E /* IVC.swift */,
				9F82C5F71E3F9B2400C05867 /* ATVC.swift */,
				9F82C5F51E3F999700C05867 /* AVC.swift */,
				9F74AEFA1E3E07DC00272845 /* DSVC.swift */,
				9F70870E1E3B833500E0B93C /* DTVC.swift */,
				9F70870C1E3B81D500E0B93C /* DVC.swift */,
				9FCEF0CF1E3A1B630066D941 /* TSVC.swift */,
				9FCEF0CB1E39F2390066D941 /* TVC.swift */,
				9FCEF0C01E39EBB10066D941 /* Assets.xcassets */,
				9FCEF0C21E39EBB10066D941 /* LaunchScreen.storyboard */,
				9FCEF0C51E39EBB10066D941 /* Info.plist */,
				9FCEF0BD1E39EBB10066D941 /* Save_Fuel.xcdatamodeld */,
			);
			path = "Save Fuel";
			sourceTree = "<group>";
		};
/* End PBXGroup section */

/* Begin PBXNativeTarget section */
		9FCEF0B21E39EBB00066D941 /* Save Fuel */ = {
			isa = PBXNativeTarget;
			buildConfigurationList = 9FCEF0C81E39EBB10066D941 /* Build configuration list for PBXNativeTarget "Save Fuel" */;
			buildPhases = (
				9FCEF0AF1E39EBB00066D941 /* Sources */,
				9FCEF0B01E39EBB00066D941 /* Frameworks */,
				9FCEF0B11E39EBB00066D941 /* Resources */,
			);
			buildRules = (
			);
			dependencies = (
			);
			name = "Save Fuel";
			productName = "Save Fuel";
			productReference = 9FCEF0B31E39EBB10066D941 /* Save Fuel.app */;
			productType = "com.apple.product-type.application";
		};
/* End PBXNativeTarget section */

/* Begin PBXProject section */
		9FCEF0AB1E39EBB00066D941 /* Project object */ = {
			isa = PBXProject;
			attributes = {
				LastSwiftUpdateCheck = 0810;
				LastUpgradeCheck = 0810;
				ORGANIZATIONNAME = Ashwath;
				TargetAttributes = {
					9FCEF0B21E39EBB00066D941 = {
						CreatedOnToolsVersion = 8.1;
						DevelopmentTeam = 998HC2Y5X2;
						ProvisioningStyle = Automatic;
					};
				};
			};
			buildConfigurationList = 9FCEF0AE1E39EBB00066D941 /* Build configuration list for PBXProject "Save Fuel" */;
			compatibilityVersion = "Xcode 3.2";
			developmentRegion = English;
			hasScannedForEncodings = 0;
			knownRegions = (
				en,
				Base,
			);
			mainGroup = 9FCEF0AA1E39EBB00066D941;
			productRefGroup = 9FCEF0B41E39EBB10066D941 /* Products */;
			projectDirPath = "";
			projectRoot = "";
			targets = (
				9FCEF0B21E39EBB00066D941 /* Save Fuel */,
			);
		};
/* End PBXProject section */

/* Begin PBXResourcesBuildPhase section */
		9FCEF0B11E39EBB00066D941 /* Resources */ = {
			isa = PBXResourcesBuildPhase;
			buildActionMask = 2147483647;
			files = (
				9FCEF0C41E39EBB10066D941 /* LaunchScreen.storyboard in Resources */,
				9FCEF0C11E39EBB10066D941 /* Assets.xcassets in Resources */,
				9FCEF0BC1E39EBB10066D941 /* Main.storyboard in Resources */,
			);
			runOnlyForDeploymentPostprocessing = 0;
		};
/* End PBXResourcesBuildPhase section */

/* Begin PBXSourcesBuildPhase section */
		9FCEF0AF1E39EBB00066D941 /* Sources */ = {
			isa = PBXSourcesBuildPhase;
			buildActionMask = 2147483647;
			files = (
				9F05C30A1E45DF5C00F2D87E /* ITVC.swift in Sources */,
				9FED04971E59C15D00BB734F /* ISFVC.swift in Sources */,
				9F9389911E4EFE090088476F /* IFSVC.swift in Sources */,
				9FCEF0BF1E39EBB10066D941 /* Save_Fuel.xcdatamodeld in Sources */,
				9F05C30C1E45DFB000F2D87E /* ITTVC.swift in Sources */,
				9FCEF0D01E3A1B630066D941 /* TSVC.swift in Sources */,
				9FCEF0CC1E39F2390066D941 /* TVC.swift in Sources */,
				9F70870D1E3B81D500E0B93C /* DVC.swift in Sources */,
				9F74AEFB1E3E07DC00272845 /* DSVC.swift in Sources */,
				9FCEF0CE1E39F7030066D941 /* TTVC.swift in Sources */,
				9FCEF0B91E39EBB10066D941 /* ViewController.swift in Sources */,
				9F82C5F81E3F9B2400C05867 /* ATVC.swift in Sources */,
				9F05C30E1E45DFC500F2D87E /* ITEVC.swift in Sources */,
				9F70870F1E3B833500E0B93C /* DTVC.swift in Sources */,
				9F82C5F61E3F999700C05867 /* AVC.swift in Sources */,
				9F05C3081E45DEC200F2D87E /* IVC.swift in Sources */,
				9FED04991E59C18800BB734F /* ISMVC.swift in Sources */,
				9FCEF0B71E39EBB10066D941 /* AppDelegate.swift in Sources */,
			);
			runOnlyForDeploymentPostprocessing = 0;
		};
/* End PBXSourcesBuildPhase section */

/* Begin PBXVariantGroup section */
		9FCEF0BA1E39EBB10066D941 /* Main.storyboard */ = {
			isa = PBXVariantGroup;
			children = (
				9FCEF0BB1E39EBB10066D941 /* Base */,
			);
			name = Main.storyboard;
			sourceTree = "<group>";
		};
		9FCEF0C21E39EBB10066D941 /* LaunchScreen.storyboard */ = {
			isa = PBXVariantGroup;
			children = (
				9FCEF0C31E39EBB10066D941 /* Base */,
			);
			name = LaunchScreen.storyboard;
			sourceTree = "<group>";
		};
/* End PBXVariantGroup section */

/* Begin XCBuildConfiguration section */
		9FCEF0C61E39EBB10066D941 /* Debug */ = {
			isa = XCBuildConfiguration;
			buildSettings = {
				ALWAYS_SEARCH_USER_PATHS = NO;
				CLANG_ANALYZER_NONNULL = YES;
				CLANG_CXX_LANGUAGE_STANDARD = "gnu++0x";
				CLANG_CXX_LIBRARY = "libc++";
				CLANG_ENABLE_MODULES = YES;
				CLANG_ENABLE_OBJC_ARC = YES;
				CLANG_WARN_BOOL_CONVERSION = YES;
				CLANG_WARN_CONSTANT_CONVERSION = YES;
				CLANG_WARN_DIRECT_OBJC_ISA_USAGE = YES_ERROR;
				CLANG_WARN_DOCUMENTATION_COMMENTS = YES;
				CLANG_WARN_EMPTY_BODY = YES;
				CLANG_WARN_ENUM_CONVERSION = YES;
				CLANG_WARN_INFINITE_RECURSION = YES;
				CLANG_WARN_INT_CONVERSION = YES;
				CLANG_WARN_OBJC_ROOT_CLASS = YES_ERROR;
				CLANG_WARN_SUSPICIOUS_MOVES = YES;
				CLANG_WARN_UNREACHABLE_CODE = YES;
				CLANG_WARN__DUPLICATE_METHOD_MATCH = YES;
				"CODE_SIGN_IDENTITY[sdk=iphoneos*]" = "iPhone Developer";
				COPY_PHASE_STRIP = NO;
				DEBUG_INFORMATION_FORMAT = dwarf;
				ENABLE_STRICT_OBJC_MSGSEND = YES;
				ENABLE_TESTABILITY = YES;
				GCC_C_LANGUAGE_STANDARD = gnu99;
				GCC_DYNAMIC_NO_PIC = NO;
				GCC_NO_COMMON_BLOCKS = YES;
				GCC_OPTIMIZATION_LEVEL = 0;
				GCC_PREPROCESSOR_DEFINITIONS = (
					"DEBUG=1",
					"$(inherited)",
				);
				GCC_WARN_64_TO_32_BIT_CONVERSION = YES;
				GCC_WARN_ABOUT_RETURN_TYPE = YES_ERROR;
				GCC_WARN_UNDECLARED_SELECTOR = YES;
				GCC_WARN_UNINITIALIZED_AUTOS = YES_AGGRESSIVE;
				GCC_WARN_UNUSED_FUNCTION = YES;
				GCC_WARN_UNUSED_VARIABLE = YES;
				IPHONEOS_DEPLOYMENT_TARGET = 10.1;
				MTL_ENABLE_DEBUG_INFO = YES;
				ONLY_ACTIVE_ARCH = YES;
				SDKROOT = iphoneos;
				SWIFT_ACTIVE_COMPILATION_CONDITIONS = DEBUG;
				SWIFT_OPTIMIZATION_LEVEL = "-Onone";
				TARGETED_DEVICE_FAMILY = "1,2";
			};
			name = Debug;
		};
		9FCEF0C71E39EBB10066D941 /* Release */ = {
			isa = XCBuildConfiguration;
			buildSettings = {
				ALWAYS_SEARCH_USER_PATHS = NO;
				CLANG_ANALYZER_NONNULL = YES;
				CLANG_CXX_LANGUAGE_STANDARD = "gnu++0x";
				CLANG_CXX_LIBRARY = "libc++";
				CLANG_ENABLE_MODULES = YES;
				CLANG_ENABLE_OBJC_ARC = YES;
				CLANG_WARN_BOOL_CONVERSION = YES;
				CLANG_WARN_CONSTANT_CONVERSION = YES;
				CLANG_WARN_DIRECT_OBJC_ISA_USAGE = YES_ERROR;
				CLANG_WARN_DOCUMENTATION_COMMENTS = YES;
				CLANG_WARN_EMPTY_BODY = YES;
				CLANG_WARN_ENUM_CONVERSION = YES;
				CLANG_WARN_INFINITE_RECURSION = YES;
				CLANG_WARN_INT_CONVERSION = YES;
				CLANG_WARN_OBJC_ROOT_CLASS = YES_ERROR;
				CLANG_WARN_SUSPICIOUS_MOVES = YES;
				CLANG_WARN_UNREACHABLE_CODE = YES;
				CLANG_WARN__DUPLICATE_METHOD_MATCH = YES;
				"CODE_SIGN_IDENTITY[sdk=iphoneos*]" = "iPhone Developer";
				COPY_PHASE_STRIP = NO;
				DEBUG_INFORMATION_FORMAT = "dwarf-with-dsym";
				ENABLE_NS_ASSERTIONS = NO;
				ENABLE_STRICT_OBJC_MSGSEND = YES;
				GCC_C_LANGUAGE_STANDARD = gnu99;
				GCC_NO_COMMON_BLOCKS = YES;
				GCC_WARN_64_TO_32_BIT_CONVERSION = YES;
				GCC_WARN_ABOUT_RETURN_TYPE = YES_ERROR;
				GCC_WARN_UNDECLARED_SELECTOR = YES;
				GCC_WARN_UNINITIALIZED_AUTOS = YES_AGGRESSIVE;
				GCC_WARN_UNUSED_FUNCTION = YES;
				GCC_WARN_UNUSED_VARIABLE = YES;
				IPHONEOS_DEPLOYMENT_TARGET = 10.1;
				MTL_ENABLE_DEBUG_INFO = NO;
				SDKROOT = iphoneos;
				SWIFT_OPTIMIZATION_LEVEL = "-Owholemodule";
				TARGETED_DEVICE_FAMILY = "1,2";
				VALIDATE_PRODUCT = YES;
			};
			name = Release;
		};
		9FCEF0C91E39EBB10066D941 /* Debug */ = {
			isa = XCBuildConfiguration;
			buildSettings = {
				ASSETCATALOG_COMPILER_APPICON_NAME = AppIcon;
				DEVELOPMENT_TEAM = 998HC2Y5X2;
				INFOPLIST_FILE = "Save Fuel/Info.plist";
				LD_RUNPATH_SEARCH_PATHS = "$(inherited) @executable_path/Frameworks";
				PRODUCT_BUNDLE_IDENTIFIER = "com.Ashwath.Save-Fuel";
				PRODUCT_NAME = "$(TARGET_NAME)";
				SWIFT_VERSION = 3.0;
			};
			name = Debug;
		};
		9FCEF0CA1E39EBB10066D941 /* Release */ = {
			isa = XCBuildConfiguration;
			buildSettings = {
				ASSETCATALOG_COMPILER_APPICON_NAME = AppIcon;
				DEVELOPMENT_TEAM = 998HC2Y5X2;
				INFOPLIST_FILE = "Save Fuel/Info.plist";
				LD_RUNPATH_SEARCH_PATHS = "$(inherited) @executable_path/Frameworks";
				PRODUCT_BUNDLE_IDENTIFIER = "com.Ashwath.Save-Fuel";
				PRODUCT_NAME = "$(TARGET_NAME)";
				SWIFT_VERSION = 3.0;
			};
			name = Release;
		};
/* End XCBuildConfiguration section */

/* Begin XCConfigurationList section */
		9FCEF0AE1E39EBB00066D941 /* Build configuration list for PBXProject "Save Fuel" */ = {
			isa = XCConfigurationList;
			buildConfigurations = (
				9FCEF0C61E39EBB10066D941 /* Debug */,
				9FCEF0C71E39EBB10066D941 /* Release */,
			);
			defaultConfigurationIsVisible = 0;
			defaultConfigurationName = Release;
		};
		9FCEF0C81E39EBB10066D941 /* Build configuration list for PBXNativeTarget "Save Fuel" */ = {
			isa = XCConfigurationList;
			buildConfigurations = (
				9FCEF0C91E39EBB10066D941 /* Debug */,
				9FCEF0CA1E39EBB10066D941 /* Release */,
			);
			defaultConfigurationIsVisible = 0;
			defaultConfigurationName = Release;
		};
/* End XCConfigurationList section */

/* Begin XCVersionGroup section */
		9FCEF0BD1E39EBB10066D941 /* Save_Fuel.xcdatamodeld */ = {
			isa = XCVersionGroup;
			children = (
				9FCEF0BE1E39EBB10066D941 /* Save_Fuel.xcdatamodel */,
			);
			currentVersion = 9FCEF0BE1E39EBB10066D941 /* Save_Fuel.xcdatamodel */;
			path = Save_Fuel.xcdatamodeld;
			sourceTree = "<group>";
			versionGroupType = wrapper.xcdatamodel;
		};
/* End XCVersionGroup section */
	};
	rootObject = 9FCEF0AB1E39EBB00066D941 /* Project object */;
}
